
Microsoft Visual Studio Solution File, Format Version 12.00
# Visual Studio Version 16
VisualStudioVersion = 16.0.31129.286
MinimumVisualStudioVersion = 10.0.40219.1
Project("{FAE04EC0-301F-11D3-BF4B-00C04F79EFBC}") = "SpecFlowCalculator", "SpecFlowCalculator\SpecFlowCalculator.csproj", "{F6904718-D04F-489B-8A28-816279DAE0D2}"
EndProject
Project("{FAE04EC0-301F-11D3-BF4B-00C04F79EFBC}") = "SpecFlowCalculator.Specs", "SpecFlowCalculator.Specs\SpecFlowCalculator.Specs.csproj", "{0D184AB0-D45B-4F28-A8DD-1D483BEC9D45}"
EndProject
Global
	GlobalSection(SolutionConfigurationPlatforms) = preSolution
		Debug|Any CPU = Debug|Any CPU
		Release|Any CPU = Release|Any CPU
	EndGlobalSection
	GlobalSection(ProjectConfigurationPlatforms) = postSolution
		{F6904718-D04F-489B-8A28-816279DAE0D2}.Debug|Any CPU.ActiveCfg = Debug|Any CPU
		{F6904718-D04F-489B-8A28-816279DAE0D2}.Debug|Any CPU.Build.0 = Debug|Any CPU
		{F6904718-D04F-489B-8A28-816279DAE0D2}.Release|Any CPU.ActiveCfg = Release|Any CPU
		{F6904718-D04F-489B-8A28-816279DAE0D2}.Release|Any CPU.Build.0 = Release|Any CPU
		{0D184AB0-D45B-4F28-A8DD-1D483BEC9D45}.Debug|Any CPU.ActiveCfg = Debug|Any CPU
		{0D184AB0-D45B-4F28-A8DD-1D483BEC9D45}.Debug|Any CPU.Build.0 = Debug|Any CPU
		{0D184AB0-D45B-4F28-A8DD-1D483BEC9D45}.Release|Any CPU.ActiveCfg = Release|Any CPU
		{0D184AB0-D45B-4F28-A8DD-1D483BEC9D45}.Release|Any CPU.Build.0 = Release|Any CPU
	EndGlobalSection
	GlobalSection(SolutionProperties) = preSolution
		HideSolutionNode = FALSE
	EndGlobalSection
	GlobalSection(ExtensibilityGlobals) = postSolution
		SolutionGuid = {A6968AA0-1701-43A5-9D9E-6F1FA5BE7573}
	EndGlobalSection
EndGlobal
